// !$*UTF8*$!
{
	archiveVersion = 1;
	classes = {
	};
	objectVersion = 56;
	objects = {

/* Begin PBXBuildFile section */
		04B1E7922D42A17C00BB156E /* SchoolApp_jan2025App.swift in Sources */ = {isa = PBXBuildFile; fileRef = 04B1E7912D42A17C00BB156E /* SchoolApp_jan2025App.swift */; };
		04B1E7942D42A17C00BB156E /* ContentView.swift in Sources */ = {isa = PBXBuildFile; fileRef = 04B1E7932D42A17C00BB156E /* ContentView.swift */; };
		04B1E7962D42A18000BB156E /* Assets.xcassets in Resources */ = {isa = PBXBuildFile; fileRef = 04B1E7952D42A18000BB156E /* Assets.xcassets */; };
		04B1E7992D42A18000BB156E /* Preview Assets.xcassets in Resources */ = {isa = PBXBuildFile; fileRef = 04B1E7982D42A18000BB156E /* Preview Assets.xcassets */; };
		04B1E7A02D42A1A500BB156E /* SchoolListView.swift in Sources */ = {isa = PBXBuildFile; fileRef = 04B1E79F2D42A1A500BB156E /* SchoolListView.swift */; };
		04B1E7A22D42A21400BB156E /* SchoolViewModel.swift in Sources */ = {isa = PBXBuildFile; fileRef = 04B1E7A12D42A21400BB156E /* SchoolViewModel.swift */; };
		04B1E7A52D42A30000BB156E /* SchoolModel.swift in Sources */ = {isa = PBXBuildFile; fileRef = 04B1E7A42D42A30000BB156E /* SchoolModel.swift */; };
		04B1E7A92D431F4F00BB156E /* ClassListView.swift in Sources */ = {isa = PBXBuildFile; fileRef = 04B1E7A82D431F4F00BB156E /* ClassListView.swift */; };
		04B1E7AB2D431F7200BB156E /* ClassModel.swift in Sources */ = {isa = PBXBuildFile; fileRef = 04B1E7AA2D431F7200BB156E /* ClassModel.swift */; };
		04B1E7AD2D43215400BB156E /* StudentModel.swift in Sources */ = {isa = PBXBuildFile; fileRef = 04B1E7AC2D43215300BB156E /* StudentModel.swift */; };
		04B1E7B12D4345AE00BB156E /* OverlayAddButton.swift in Sources */ = {isa = PBXBuildFile; fileRef = 04B1E7B02D4345AE00BB156E /* OverlayAddButton.swift */; };
		04B1E7B42D43461000BB156E /* NoResultsView.swift in Sources */ = {isa = PBXBuildFile; fileRef = 04B1E7B32D43461000BB156E /* NoResultsView.swift */; };
		04B1E7B62D434FD400BB156E /* StudentListView.swift in Sources */ = {isa = PBXBuildFile; fileRef = 04B1E7B52D434FD400BB156E /* StudentListView.swift */; };
		04B1E7B92D4351EF00BB156E /* Gender.swift in Sources */ = {isa = PBXBuildFile; fileRef = 04B1E7B82D4351EF00BB156E /* Gender.swift */; };
		04B1E7BB2D43620200BB156E /* StudentFormType.swift in Sources */ = {isa = PBXBuildFile; fileRef = 04B1E7BA2D43620200BB156E /* StudentFormType.swift */; };
		04B1E7BD2D43A71500BB156E /* StudentDetailView.swift in Sources */ = {isa = PBXBuildFile; fileRef = 04B1E7BC2D43A71500BB156E /* StudentDetailView.swift */; };
		04B1E7BF2D43A75200BB156E /* StudentDetailViewModel.swift in Sources */ = {isa = PBXBuildFile; fileRef = 04B1E7BE2D43A75200BB156E /* StudentDetailViewModel.swift */; };
/* End PBXBuildFile section */

/* Begin PBXFileReference section */
		04B1E78E2D42A17C00BB156E /* SchoolApp_jan2025.app */ = {isa = PBXFileReference; explicitFileType = wrapper.application; includeInIndex = 0; path = SchoolApp_jan2025.app; sourceTree = BUILT_PRODUCTS_DIR; };
		04B1E7912D42A17C00BB156E /* SchoolApp_jan2025App.swift */ = {isa = PBXFileReference; lastKnownFileType = sourcecode.swift; path = SchoolApp_jan2025App.swift; sourceTree = "<group>"; };
		04B1E7932D42A17C00BB156E /* ContentView.swift */ = {isa = PBXFileReference; lastKnownFileType = sourcecode.swift; path = ContentView.swift; sourceTree = "<group>"; };
		04B1E7952D42A18000BB156E /* Assets.xcassets */ = {isa = PBXFileReference; lastKnownFileType = folder.assetcatalog; path = Assets.xcassets; sourceTree = "<group>"; };
		04B1E7982D42A18000BB156E /* Preview Assets.xcassets */ = {isa = PBXFileReference; lastKnownFileType = folder.assetcatalog; path = "Preview Assets.xcassets"; sourceTree = "<group>"; };
		04B1E79F2D42A1A500BB156E /* SchoolListView.swift */ = {isa = PBXFileReference; lastKnownFileType = sourcecode.swift; path = SchoolListView.swift; sourceTree = "<group>"; };
		04B1E7A12D42A21400BB156E /* SchoolViewModel.swift */ = {isa = PBXFileReference; lastKnownFileType = sourcecode.swift; path = SchoolViewModel.swift; sourceTree = "<group>"; };
		04B1E7A42D42A30000BB156E /* SchoolModel.swift */ = {isa = PBXFileReference; lastKnownFileType = sourcecode.swift; path = SchoolModel.swift; sourceTree = "<group>"; };
		04B1E7A82D431F4F00BB156E /* ClassListView.swift */ = {isa = PBXFileReference; lastKnownFileType = sourcecode.swift; path = ClassListView.swift; sourceTree = "<group>"; };
		04B1E7AA2D431F7200BB156E /* ClassModel.swift */ = {isa = PBXFileReference; lastKnownFileType = sourcecode.swift; path = ClassModel.swift; sourceTree = "<group>"; };
		04B1E7AC2D43215300BB156E /* StudentModel.swift */ = {isa = PBXFileReference; lastKnownFileType = sourcecode.swift; path = StudentModel.swift; sourceTree = "<group>"; };
		04B1E7B02D4345AE00BB156E /* OverlayAddButton.swift */ = {isa = PBXFileReference; lastKnownFileType = sourcecode.swift; path = OverlayAddButton.swift; sourceTree = "<group>"; };
		04B1E7B32D43461000BB156E /* NoResultsView.swift */ = {isa = PBXFileReference; lastKnownFileType = sourcecode.swift; path = NoResultsView.swift; sourceTree = "<group>"; };
		04B1E7B52D434FD400BB156E /* StudentListView.swift */ = {isa = PBXFileReference; lastKnownFileType = sourcecode.swift; path = StudentListView.swift; sourceTree = "<group>"; };
		04B1E7B82D4351EF00BB156E /* Gender.swift */ = {isa = PBXFileReference; lastKnownFileType = sourcecode.swift; path = Gender.swift; sourceTree = "<group>"; };
		04B1E7BA2D43620200BB156E /* StudentFormType.swift */ = {isa = PBXFileReference; lastKnownFileType = sourcecode.swift; path = StudentFormType.swift; sourceTree = "<group>"; };
		04B1E7BC2D43A71500BB156E /* StudentDetailView.swift */ = {isa = PBXFileReference; lastKnownFileType = sourcecode.swift; path = StudentDetailView.swift; sourceTree = "<group>"; };
		04B1E7BE2D43A75200BB156E /* StudentDetailViewModel.swift */ = {isa = PBXFileReference; lastKnownFileType = sourcecode.swift; path = StudentDetailViewModel.swift; sourceTree = "<group>"; };
/* End PBXFileReference section */

/* Begin PBXFrameworksBuildPhase section */
		04B1E78B2D42A17C00BB156E /* Frameworks */ = {
			isa = PBXFrameworksBuildPhase;
			buildActionMask = 2147483647;
			files = (
			);
			runOnlyForDeploymentPostprocessing = 0;
		};
/* End PBXFrameworksBuildPhase section */

/* Begin PBXGroup section */
		04B1E7852D42A17C00BB156E = {
			isa = PBXGroup;
			children = (
				04B1E7902D42A17C00BB156E /* SchoolApp_jan2025 */,
				04B1E78F2D42A17C00BB156E /* Products */,
			);
			sourceTree = "<group>";
		};
		04B1E78F2D42A17C00BB156E /* Products */ = {
			isa = PBXGroup;
			children = (
				04B1E78E2D42A17C00BB156E /* SchoolApp_jan2025.app */,
			);
			name = Products;
			sourceTree = "<group>";
		};
		04B1E7902D42A17C00BB156E /* SchoolApp_jan2025 */ = {
			isa = PBXGroup;
			children = (
				04B1E7912D42A17C00BB156E /* SchoolApp_jan2025App.swift */,
				04B1E7932D42A17C00BB156E /* ContentView.swift */,
				04B1E7B22D4345F500BB156E /* CustomViews */,
				04B1E7AF2D43458900BB156E /* ViewModifiers */,
				04B1E7A62D431F0500BB156E /* Views */,
				04B1E7A72D431F0F00BB156E /* ViewModels */,
				04B1E7A32D42A2EC00BB156E /* Models */,
				04B1E7952D42A18000BB156E /* Assets.xcassets */,
				04B1E7972D42A18000BB156E /* Preview Content */,
			);
			path = SchoolApp_jan2025;
			sourceTree = "<group>";
		};
		04B1E7972D42A18000BB156E /* Preview Content */ = {
			isa = PBXGroup;
			children = (
				04B1E7982D42A18000BB156E /* Preview Assets.xcassets */,
			);
			path = "Preview Content";
			sourceTree = "<group>";
		};
		04B1E7A32D42A2EC00BB156E /* Models */ = {
			isa = PBXGroup;
			children = (
				04B1E7B72D4351DC00BB156E /* Enums */,
				04B1E7A42D42A30000BB156E /* SchoolModel.swift */,
				04B1E7AA2D431F7200BB156E /* ClassModel.swift */,
				04B1E7AC2D43215300BB156E /* StudentModel.swift */,
			);
			path = Models;
			sourceTree = "<group>";
		};
		04B1E7A62D431F0500BB156E /* Views */ = {
			isa = PBXGroup;
			children = (
				04B1E79F2D42A1A500BB156E /* SchoolListView.swift */,
				04B1E7A82D431F4F00BB156E /* ClassListView.swift */,
				04B1E7B52D434FD400BB156E /* StudentListView.swift */,
				04B1E7BC2D43A71500BB156E /* StudentDetailView.swift */,
			);
			path = Views;
			sourceTree = "<group>";
		};
		04B1E7A72D431F0F00BB156E /* ViewModels */ = {
			isa = PBXGroup;
			children = (
				04B1E7A12D42A21400BB156E /* SchoolViewModel.swift */,
				04B1E7BE2D43A75200BB156E /* StudentDetailViewModel.swift */,
			);
			path = ViewModels;
			sourceTree = "<group>";
		};
		04B1E7AF2D43458900BB156E /* ViewModifiers */ = {
			isa = PBXGroup;
			children = (
				04B1E7B02D4345AE00BB156E /* OverlayAddButton.swift */,
			);
			path = ViewModifiers;
			sourceTree = "<group>";
		};
		04B1E7B22D4345F500BB156E /* CustomViews */ = {
			isa = PBXGroup;
			children = (
				04B1E7B32D43461000BB156E /* NoResultsView.swift */,
			);
			path = CustomViews;
			sourceTree = "<group>";
		};
		04B1E7B72D4351DC00BB156E /* Enums */ = {
			isa = PBXGroup;
			children = (
				04B1E7B82D4351EF00BB156E /* Gender.swift */,
				04B1E7BA2D43620200BB156E /* StudentFormType.swift */,
			);
			path = Enums;
			sourceTree = "<group>";
		};
/* End PBXGroup section */

/* Begin PBXNativeTarget section */
		04B1E78D2D42A17C00BB156E /* SchoolApp_jan2025 */ = {
			isa = PBXNativeTarget;
			buildConfigurationList = 04B1E79C2D42A18000BB156E /* Build configuration list for PBXNativeTarget "SchoolApp_jan2025" */;
			buildPhases = (
				04B1E78A2D42A17C00BB156E /* Sources */,
				04B1E78B2D42A17C00BB156E /* Frameworks */,
				04B1E78C2D42A17C00BB156E /* Resources */,
			);
			buildRules = (
			);
			dependencies = (
			);
			name = SchoolApp_jan2025;
			productName = SchoolApp_jan2025;
			productReference = 04B1E78E2D42A17C00BB156E /* SchoolApp_jan2025.app */;
			productType = "com.apple.product-type.application";
		};
/* End PBXNativeTarget section */

/* Begin PBXProject section */
		04B1E7862D42A17C00BB156E /* Project object */ = {
			isa = PBXProject;
			attributes = {
				BuildIndependentTargetsInParallel = 1;
				LastSwiftUpdateCheck = 1540;
				LastUpgradeCheck = 1540;
				TargetAttributes = {
					04B1E78D2D42A17C00BB156E = {
						CreatedOnToolsVersion = 15.4;
					};
				};
			};
			buildConfigurationList = 04B1E7892D42A17C00BB156E /* Build configuration list for PBXProject "SchoolApp_jan2025" */;
			compatibilityVersion = "Xcode 14.0";
			developmentRegion = en;
			hasScannedForEncodings = 0;
			knownRegions = (
				en,
				Base,
			);
			mainGroup = 04B1E7852D42A17C00BB156E;
			productRefGroup = 04B1E78F2D42A17C00BB156E /* Products */;
			projectDirPath = "";
			projectRoot = "";
			targets = (
				04B1E78D2D42A17C00BB156E /* SchoolApp_jan2025 */,
			);
		};
/* End PBXProject section */

/* Begin PBXResourcesBuildPhase section */
		04B1E78C2D42A17C00BB156E /* Resources */ = {
			isa = PBXResourcesBuildPhase;
			buildActionMask = 2147483647;
			files = (
				04B1E7992D42A18000BB156E /* Preview Assets.xcassets in Resources */,
				04B1E7962D42A18000BB156E /* Assets.xcassets in Resources */,
			);
			runOnlyForDeploymentPostprocessing = 0;
		};
/* End PBXResourcesBuildPhase section */

/* Begin PBXSourcesBuildPhase section */
		04B1E78A2D42A17C00BB156E /* Sources */ = {
			isa = PBXSourcesBuildPhase;
			buildActionMask = 2147483647;
			files = (
				04B1E7B92D4351EF00BB156E /* Gender.swift in Sources */,
				04B1E7B12D4345AE00BB156E /* OverlayAddButton.swift in Sources */,
				04B1E7AB2D431F7200BB156E /* ClassModel.swift in Sources */,
				04B1E7B42D43461000BB156E /* NoResultsView.swift in Sources */,
				04B1E7A22D42A21400BB156E /* SchoolViewModel.swift in Sources */,
				04B1E7942D42A17C00BB156E /* ContentView.swift in Sources */,
				04B1E7BB2D43620200BB156E /* StudentFormType.swift in Sources */,
				04B1E7BF2D43A75200BB156E /* StudentDetailViewModel.swift in Sources */,
				04B1E7BD2D43A71500BB156E /* StudentDetailView.swift in Sources */,
				04B1E7922D42A17C00BB156E /* SchoolApp_jan2025App.swift in Sources */,
				04B1E7B62D434FD400BB156E /* StudentListView.swift in Sources */,
				04B1E7A92D431F4F00BB156E /* ClassListView.swift in Sources */,
				04B1E7AD2D43215400BB156E /* StudentModel.swift in Sources */,
				04B1E7A52D42A30000BB156E /* SchoolModel.swift in Sources */,
				04B1E7A02D42A1A500BB156E /* SchoolListView.swift in Sources */,
			);
			runOnlyForDeploymentPostprocessing = 0;
		};
/* End PBXSourcesBuildPhase section */

/* Begin XCBuildConfiguration section */
		04B1E79A2D42A18000BB156E /* Debug */ = {
			isa = XCBuildConfiguration;
			buildSettings = {
				ALWAYS_SEARCH_USER_PATHS = NO;
				ASSETCATALOG_COMPILER_GENERATE_SWIFT_ASSET_SYMBOL_EXTENSIONS = YES;
				CLANG_ANALYZER_NONNULL = YES;
				CLANG_ANALYZER_NUMBER_OBJECT_CONVERSION = YES_AGGRESSIVE;
				CLANG_CXX_LANGUAGE_STANDARD = "gnu++20";
				CLANG_ENABLE_MODULES = YES;
				CLANG_ENABLE_OBJC_ARC = YES;
				CLANG_ENABLE_OBJC_WEAK = YES;
				CLANG_WARN_BLOCK_CAPTURE_AUTORELEASING = YES;
				CLANG_WARN_BOOL_CONVERSION = YES;
				CLANG_WARN_COMMA = YES;
				CLANG_WARN_CONSTANT_CONVERSION = YES;
				CLANG_WARN_DEPRECATED_OBJC_IMPLEMENTATIONS = YES;
				CLANG_WARN_DIRECT_OBJC_ISA_USAGE = YES_ERROR;
				CLANG_WARN_DOCUMENTATION_COMMENTS = YES;
				CLANG_WARN_EMPTY_BODY = YES;
				CLANG_WARN_ENUM_CONVERSION = YES;
				CLANG_WARN_INFINITE_RECURSION = YES;
				CLANG_WARN_INT_CONVERSION = YES;
				CLANG_WARN_NON_LITERAL_NULL_CONVERSION = YES;
				CLANG_WARN_OBJC_IMPLICIT_RETAIN_SELF = YES;
				CLANG_WARN_OBJC_LITERAL_CONVERSION = YES;
				CLANG_WARN_OBJC_ROOT_CLASS = YES_ERROR;
				CLANG_WARN_QUOTED_INCLUDE_IN_FRAMEWORK_HEADER = YES;
				CLANG_WARN_RANGE_LOOP_ANALYSIS = YES;
				CLANG_WARN_STRICT_PROTOTYPES = YES;
				CLANG_WARN_SUSPICIOUS_MOVE = YES;
				CLANG_WARN_UNGUARDED_AVAILABILITY = YES_AGGRESSIVE;
				CLANG_WARN_UNREACHABLE_CODE = YES;
				CLANG_WARN__DUPLICATE_METHOD_MATCH = YES;
				COPY_PHASE_STRIP = NO;
				DEBUG_INFORMATION_FORMAT = dwarf;
				ENABLE_STRICT_OBJC_MSGSEND = YES;
				ENABLE_TESTABILITY = YES;
				ENABLE_USER_SCRIPT_SANDBOXING = YES;
				GCC_C_LANGUAGE_STANDARD = gnu17;
				GCC_DYNAMIC_NO_PIC = NO;
				GCC_NO_COMMON_BLOCKS = YES;
				GCC_OPTIMIZATION_LEVEL = 0;
				GCC_PREPROCESSOR_DEFINITIONS = (
					"DEBUG=1",
					"$(inherited)",
				);
				GCC_WARN_64_TO_32_BIT_CONVERSION = YES;
				GCC_WARN_ABOUT_RETURN_TYPE = YES_ERROR;
				GCC_WARN_UNDECLARED_SELECTOR = YES;
				GCC_WARN_UNINITIALIZED_AUTOS = YES_AGGRESSIVE;
				GCC_WARN_UNUSED_FUNCTION = YES;
				GCC_WARN_UNUSED_VARIABLE = YES;
				IPHONEOS_DEPLOYMENT_TARGET = 17.5;
				LOCALIZATION_PREFERS_STRING_CATALOGS = YES;
				MTL_ENABLE_DEBUG_INFO = INCLUDE_SOURCE;
				MTL_FAST_MATH = YES;
				ONLY_ACTIVE_ARCH = YES;
				SDKROOT = iphoneos;
				SWIFT_ACTIVE_COMPILATION_CONDITIONS = "DEBUG $(inherited)";
				SWIFT_OPTIMIZATION_LEVEL = "-Onone";
			};
			name = Debug;
		};
		04B1E79B2D42A18000BB156E /* Release */ = {
			isa = XCBuildConfiguration;
			buildSettings = {
				ALWAYS_SEARCH_USER_PATHS = NO;
				ASSETCATALOG_COMPILER_GENERATE_SWIFT_ASSET_SYMBOL_EXTENSIONS = YES;
				CLANG_ANALYZER_NONNULL = YES;
				CLANG_ANALYZER_NUMBER_OBJECT_CONVERSION = YES_AGGRESSIVE;
				CLANG_CXX_LANGUAGE_STANDARD = "gnu++20";
				CLANG_ENABLE_MODULES = YES;
				CLANG_ENABLE_OBJC_ARC = YES;
				CLANG_ENABLE_OBJC_WEAK = YES;
				CLANG_WARN_BLOCK_CAPTURE_AUTORELEASING = YES;
				CLANG_WARN_BOOL_CONVERSION = YES;
				CLANG_WARN_COMMA = YES;
				CLANG_WARN_CONSTANT_CONVERSION = YES;
				CLANG_WARN_DEPRECATED_OBJC_IMPLEMENTATIONS = YES;
				CLANG_WARN_DIRECT_OBJC_ISA_USAGE = YES_ERROR;
				CLANG_WARN_DOCUMENTATION_COMMENTS = YES;
				CLANG_WARN_EMPTY_BODY = YES;
				CLANG_WARN_ENUM_CONVERSION = YES;
				CLANG_WARN_INFINITE_RECURSION = YES;
				CLANG_WARN_INT_CONVERSION = YES;
				CLANG_WARN_NON_LITERAL_NULL_CONVERSION = YES;
				CLANG_WARN_OBJC_IMPLICIT_RETAIN_SELF = YES;
				CLANG_WARN_OBJC_LITERAL_CONVERSION = YES;
				CLANG_WARN_OBJC_ROOT_CLASS = YES_ERROR;
				CLANG_WARN_QUOTED_INCLUDE_IN_FRAMEWORK_HEADER = YES;
				CLANG_WARN_RANGE_LOOP_ANALYSIS = YES;
				CLANG_WARN_STRICT_PROTOTYPES = YES;
				CLANG_WARN_SUSPICIOUS_MOVE = YES;
				CLANG_WARN_UNGUARDED_AVAILABILITY = YES_AGGRESSIVE;
				CLANG_WARN_UNREACHABLE_CODE = YES;
				CLANG_WARN__DUPLICATE_METHOD_MATCH = YES;
				COPY_PHASE_STRIP = NO;
				DEBUG_INFORMATION_FORMAT = "dwarf-with-dsym";
				ENABLE_NS_ASSERTIONS = NO;
				ENABLE_STRICT_OBJC_MSGSEND = YES;
				ENABLE_USER_SCRIPT_SANDBOXING = YES;
				GCC_C_LANGUAGE_STANDARD = gnu17;
				GCC_NO_COMMON_BLOCKS = YES;
				GCC_WARN_64_TO_32_BIT_CONVERSION = YES;
				GCC_WARN_ABOUT_RETURN_TYPE = YES_ERROR;
				GCC_WARN_UNDECLARED_SELECTOR = YES;
				GCC_WARN_UNINITIALIZED_AUTOS = YES_AGGRESSIVE;
				GCC_WARN_UNUSED_FUNCTION = YES;
				GCC_WARN_UNUSED_VARIABLE = YES;
				IPHONEOS_DEPLOYMENT_TARGET = 17.5;
				LOCALIZATION_PREFERS_STRING_CATALOGS = YES;
				MTL_ENABLE_DEBUG_INFO = NO;
				MTL_FAST_MATH = YES;
				SDKROOT = iphoneos;
				SWIFT_COMPILATION_MODE = wholemodule;
				VALIDATE_PRODUCT = YES;
			};
			name = Release;
		};
		04B1E79D2D42A18000BB156E /* Debug */ = {
			isa = XCBuildConfiguration;
			buildSettings = {
				ASSETCATALOG_COMPILER_APPICON_NAME = AppIcon;
				ASSETCATALOG_COMPILER_GLOBAL_ACCENT_COLOR_NAME = AccentColor;
				CODE_SIGN_STYLE = Automatic;
				CURRENT_PROJECT_VERSION = 1;
				DEVELOPMENT_ASSET_PATHS = "\"SchoolApp_jan2025/Preview Content\"";
				ENABLE_PREVIEWS = YES;
				GENERATE_INFOPLIST_FILE = YES;
				INFOPLIST_KEY_UIApplicationSceneManifest_Generation = YES;
				INFOPLIST_KEY_UIApplicationSupportsIndirectInputEvents = YES;
				INFOPLIST_KEY_UILaunchScreen_Generation = YES;
				INFOPLIST_KEY_UISupportedInterfaceOrientations_iPad = "UIInterfaceOrientationPortrait UIInterfaceOrientationPortraitUpsideDown UIInterfaceOrientationLandscapeLeft UIInterfaceOrientationLandscapeRight";
				INFOPLIST_KEY_UISupportedInterfaceOrientations_iPhone = "UIInterfaceOrientationPortrait UIInterfaceOrientationLandscapeLeft UIInterfaceOrientationLandscapeRight";
				LD_RUNPATH_SEARCH_PATHS = (
					"$(inherited)",
					"@executable_path/Frameworks",
				);
				MARKETING_VERSION = 1.0;
				PRODUCT_BUNDLE_IDENTIFIER = "abc.SchoolApp-jan2025";
				PRODUCT_NAME = "$(TARGET_NAME)";
				SWIFT_EMIT_LOC_STRINGS = YES;
				SWIFT_VERSION = 5.0;
				TARGETED_DEVICE_FAMILY = "1,2";
			};
			name = Debug;
		};
		04B1E79E2D42A18000BB156E /* Release */ = {
			isa = XCBuildConfiguration;
			buildSettings = {
				ASSETCATALOG_COMPILER_APPICON_NAME = AppIcon;
				ASSETCATALOG_COMPILER_GLOBAL_ACCENT_COLOR_NAME = AccentColor;
				CODE_SIGN_STYLE = Automatic;
				CURRENT_PROJECT_VERSION = 1;
				DEVELOPMENT_ASSET_PATHS = "\"SchoolApp_jan2025/Preview Content\"";
				ENABLE_PREVIEWS = YES;
				GENERATE_INFOPLIST_FILE = YES;
				INFOPLIST_KEY_UIApplicationSceneManifest_Generation = YES;
				INFOPLIST_KEY_UIApplicationSupportsIndirectInputEvents = YES;
				INFOPLIST_KEY_UILaunchScreen_Generation = YES;
				INFOPLIST_KEY_UISupportedInterfaceOrientations_iPad = "UIInterfaceOrientationPortrait UIInterfaceOrientationPortraitUpsideDown UIInterfaceOrientationLandscapeLeft UIInterfaceOrientationLandscapeRight";
				INFOPLIST_KEY_UISupportedInterfaceOrientations_iPhone = "UIInterfaceOrientationPortrait UIInterfaceOrientationLandscapeLeft UIInterfaceOrientationLandscapeRight";
				LD_RUNPATH_SEARCH_PATHS = (
					"$(inherited)",
					"@executable_path/Frameworks",
				);
				MARKETING_VERSION = 1.0;
				PRODUCT_BUNDLE_IDENTIFIER = "abc.SchoolApp-jan2025";
				PRODUCT_NAME = "$(TARGET_NAME)";
				SWIFT_EMIT_LOC_STRINGS = YES;
				SWIFT_VERSION = 5.0;
				TARGETED_DEVICE_FAMILY = "1,2";
			};
			name = Release;
		};
/* End XCBuildConfiguration section */

/* Begin XCConfigurationList section */
		04B1E7892D42A17C00BB156E /* Build configuration list for PBXProject "SchoolApp_jan2025" */ = {
			isa = XCConfigurationList;
			buildConfigurations = (
				04B1E79A2D42A18000BB156E /* Debug */,
				04B1E79B2D42A18000BB156E /* Release */,
			);
			defaultConfigurationIsVisible = 0;
			defaultConfigurationName = Release;
		};
		04B1E79C2D42A18000BB156E /* Build configuration list for PBXNativeTarget "SchoolApp_jan2025" */ = {
			isa = XCConfigurationList;
			buildConfigurations = (
				04B1E79D2D42A18000BB156E /* Debug */,
				04B1E79E2D42A18000BB156E /* Release */,
			);
			defaultConfigurationIsVisible = 0;
			defaultConfigurationName = Release;
		};
/* End XCConfigurationList section */
	};
	rootObject = 04B1E7862D42A17C00BB156E /* Project object */;
}
